# This file is automatically @generated by Cargo.
# It is not intended for manual editing.
version = 4

[[package]]
name = "sparkalog"
version = "0.1.0"
dependencies = [
 "sparkalog-execution",
 "sparkalog-storage",
]

[[package]]
name = "sparkalog-datalog"
version = "0.1.0"
dependencies = [
 "sparkalog-recursion",
 "sparkalog-relational",
]

[[package]]
name = "sparkalog-execution"
version = "0.1.0"
dependencies = [
 "sparkalog-relational",
 "sparkalog-storage",
]

[[package]]
name = "sparkalog-recursion"
version = "0.1.0"
dependencies = [
 "sparkalog-relational",
]

[[package]]
name = "sparkalog-relational"
version = "0.1.0"
dependencies = [
 "sparkalog-storage",
]

[[package]]
name = "sparkalog-storage"
version = "0.1.0"
